# Tags rolled onto the node by Skalpai's image watches — WRITTEN BY THE
# ROLL, not by hand. image-watches.yaml declares what to watch; this
# file is a journal of what actually shipped, so `git log` answers what
# was live when. No deploy reads it: the node keeps a rolled image on
# its own until deploy.yaml changes that service's tag. Editing this
# file changes nothing: the next roll overwrites it.
# last updated: 2026-10-04T05:07:20Z
tags:
  vvaves-app: "20261004-0458-37025b0f5579"
  vvaves-migrate: "20260929-1541-7d4e159785cf"
  vvaves-tts: "20260929-1541-7d4e159785cf"
  vvaves-web: "20260929-1541-7d4e159785cf"
