# Tags rolled onto the node by Skalpai's image watches — WRITTEN BY THE
# ROLL, not by hand. image-watches.yaml declares what to watch; this
# file is a journal of what actually shipped, so `git log` answers what
# was live when. No deploy reads it: the node keeps a rolled image on
# its own until deploy.yaml changes that service's tag. Editing this
# file changes nothing: the next roll overwrites it.
# last updated: 2026-10-10T06:26:55Z
tags:
  vvaves-app: "20261009-1941-97e143aa9db5"
  vvaves-migrate: "20261004-0458-37025b0f5579"
  vvaves-tts: "20261004-0458-37025b0f5579"
  vvaves-web: "20261009-2016-2fa87503732b"
